
Microsoft Visual Studio Solution File, Format Version 12.00
# Visual Studio 15
VisualStudioVersion = 15.0.28307.1525
MinimumVisualStudioVersion = 10.0.40219.1
Project("{F14B399A-7131-4C87-9E4B-1186C45EF12D}") = "Examination System Reports SSRS", "Examination System Reports SSRS\Examination System Reports SSRS.rptproj", "{D475E7EE-88E2-444C-979D-6F3CA2501CFB}"
EndProject
Global
	GlobalSection(SolutionConfigurationPlatforms) = preSolution
		Debug|Default = Debug|Default
		DebugLocal|Default = DebugLocal|Default
		Release|Default = Release|Default
	EndGlobalSection
	GlobalSection(ProjectConfigurationPlatforms) = postSolution
		{D475E7EE-88E2-444C-979D-6F3CA2501CFB}.Debug|Default.ActiveCfg = Debug
		{D475E7EE-88E2-444C-979D-6F3CA2501CFB}.Debug|Default.Build.0 = Debug
		{D475E7EE-88E2-444C-979D-6F3CA2501CFB}.Debug|Default.Deploy.0 = Debug
		{D475E7EE-88E2-444C-979D-6F3CA2501CFB}.DebugLocal|Default.ActiveCfg = DebugLocal
		{D475E7EE-88E2-444C-979D-6F3CA2501CFB}.DebugLocal|Default.Build.0 = DebugLocal
		{D475E7EE-88E2-444C-979D-6F3CA2501CFB}.Release|Default.ActiveCfg = Release
		{D475E7EE-88E2-444C-979D-6F3CA2501CFB}.Release|Default.Build.0 = Release
		{D475E7EE-88E2-444C-979D-6F3CA2501CFB}.Release|Default.Deploy.0 = Release
	EndGlobalSection
	GlobalSection(SolutionProperties) = preSolution
		HideSolutionNode = FALSE
	EndGlobalSection
	GlobalSection(ExtensibilityGlobals) = postSolution
		SolutionGuid = {D790686E-7332-4DE5-8B33-F80906A473BC}
	EndGlobalSection
EndGlobal
